{
  "name": "PruebaProy2",
  "lockfileVersion": 2,
  "requires": true,
  "packages": {
    "": {
      "dependencies": {
        "file-saver": "^2.0.5",
        "file-selector": "^0.6.0"
      }
    },
    "node_modules/file-saver": {
      "version": "2.0.5",
      "resolved": "https://registry.npmjs.org/file-saver/-/file-saver-2.0.5.tgz",
      "integrity": "sha512-P9bmyZ3h/PRG+Nzga+rbdI4OEpNDzAVyy74uVO9ATgzLK6VtAsYybF/+TOCvrc0MO793d6+42lLyZTw7/ArVzA=="
    },
    "node_modules/file-selector": {
      "version": "0.6.0",
      "resolved": "https://registry.npmjs.org/file-selector/-/file-selector-0.6.0.tgz",
      "integrity": "sha512-QlZ5yJC0VxHxQQsQhXvBaC7VRJ2uaxTf+Tfpu4Z/OcVQJVpZO+DGU0rkoVW5ce2SccxugvpBJoMvUs59iILYdw==",
      "dependencies": {
        "tslib": "^2.4.0"
      },
      "engines": {
        "node": ">= 12"
      }
    },
    "node_modules/tslib": {
      "version": "2.5.0",
      "resolved": "https://registry.npmjs.org/tslib/-/tslib-2.5.0.tgz",
      "integrity": "sha512-336iVw3rtn2BUK7ORdIAHTyxHGRIHVReokCR3XjbckJMK7ms8FysBfhLR8IXnAgy7T0PTPNBWKiH514FOW/WSg=="
    }
  },
  "dependencies": {
    "file-saver": {
      "version": "2.0.5",
      "resolved": "https://registry.npmjs.org/file-saver/-/file-saver-2.0.5.tgz",
      "integrity": "sha512-P9bmyZ3h/PRG+Nzga+rbdI4OEpNDzAVyy74uVO9ATgzLK6VtAsYybF/+TOCvrc0MO793d6+42lLyZTw7/ArVzA=="
    },
    "file-selector": {
      "version": "0.6.0",
      "resolved": "https://registry.npmjs.org/file-selector/-/file-selector-0.6.0.tgz",
      "integrity": "sha512-QlZ5yJC0VxHxQQsQhXvBaC7VRJ2uaxTf+Tfpu4Z/OcVQJVpZO+DGU0rkoVW5ce2SccxugvpBJoMvUs59iILYdw==",
      "requires": {
        "tslib": "^2.4.0"
      }
    },
    "tslib": {
      "version": "2.5.0",
      "resolved": "https://registry.npmjs.org/tslib/-/tslib-2.5.0.tgz",
      "integrity": "sha512-336iVw3rtn2BUK7ORdIAHTyxHGRIHVReokCR3XjbckJMK7ms8FysBfhLR8IXnAgy7T0PTPNBWKiH514FOW/WSg=="
    }
  }
}
